PATH
  remote: .
  specs:
    tapioca-sequel (0.1.0)
      sequel (~> 5.0)
      tapioca (~> 0.19)

GEM
  remote: https://rubygems.org/
  specs:
    ast (2.4.3)
    benchmark (0.5.0)
    bigdecimal (4.1.3)
    diff-lcs (1.6.2)
    erubi (1.13.1)
    json (3.0.2)
    language_server-protocol (3.17.0.6)
    lint_roller (1.1.0)
    logger (1.7.0)
    netrc (0.11.0)
    parallel (2.2.0)
    parser (3.3.12.0)
      ast (~> 2.4.1)
      racc
    prism (1.9.0)
    racc (1.8.1)
    rainbow (3.1.1)
    rake (13.4.2)
    rbi (0.4.3)
      prism (~> 1.0)
      rbs (>= 4.0.1)
    rbs (4.2.0)
      logger
      prism (>= 1.6.0)
      tsort
    regexp_parser (2.13.1)
    require-hooks (0.5.1)
    rexml (3.4.4)
    rspec (3.13.2)
      rspec-core (~> 3.13.0)
      rspec-expectations (~> 3.13.0)
      rspec-mocks (~> 3.13.0)
    rspec-core (3.13.6)
      rspec-support (~> 3.13.0)
    rspec-expectations (3.13.5)
      diff-lcs (>= 1.2.0, < 2.0)
      rspec-support (~> 3.13.0)
    rspec-mocks (3.13.8)
      diff-lcs (>= 1.2.0, < 2.0)
      rspec-support (~> 3.13.0)
    rspec-support (3.13.7)
    rubocop (1.91.0)
      json (>= 2.3)
      language_server-protocol (~> 3.17.0.2)
      lint_roller (~> 1.1.0)
      parallel (>= 1.10)
      parser (>= 3.3.0.2)
      rainbow (>= 2.2.2, < 4.0)
      regexp_parser (>= 2.9.3, < 3.0)
      rubocop-ast (>= 1.49.0, < 2.0)
      ruby-progressbar (~> 1.7)
      unicode-display_width (>= 2.4.0, < 4.0)
    rubocop-ast (1.50.0)
      parser (>= 3.3.7.2)
      prism (~> 1.7)
    rubocop-rspec (3.10.2)
      lint_roller (~> 1.1)
      regexp_parser (>= 2.0)
      rubocop (~> 1.86, >= 1.86.2)
    ruby-progressbar (1.13.0)
    rubydex (0.4.1-aarch64-linux)
    rubydex (0.4.1-arm64-darwin)
    rubydex (0.4.1-x86_64-darwin)
    rubydex (0.4.1-x86_64-linux)
    sequel (5.108.0)
      bigdecimal
    sorbet (0.6.13509)
      sorbet-static (= 0.6.13509)
    sorbet-runtime (0.6.13509)
    sorbet-static (0.6.13509-aarch64-linux)
    sorbet-static (0.6.13509-universal-darwin)
    sorbet-static (0.6.13509-x86_64-linux)
    sorbet-static-and-runtime (0.6.13509)
      sorbet (= 0.6.13509)
      sorbet-runtime (= 0.6.13509)
    spoom (1.8.9)
      erubi (>= 1.10.0)
      prism (>= 0.28.0)
      rbi (>= 0.4.2)
      rbs (>= 4.0.0.dev.5)
      rexml (>= 3.2.6)
      sorbet-static-and-runtime (>= 0.5.10187)
      thor (>= 0.19.2)
    sqlite3 (2.9.6-aarch64-linux-gnu)
    sqlite3 (2.9.6-aarch64-linux-musl)
    sqlite3 (2.9.6-arm64-darwin)
    sqlite3 (2.9.6-x86_64-darwin)
    sqlite3 (2.9.6-x86_64-linux-gnu)
    sqlite3 (2.9.6-x86_64-linux-musl)
    tapioca (0.19.2)
      benchmark
      bundler (>= 2.2.25)
      netrc (>= 0.11.0)
      parallel (>= 1.21.0)
      rbi (>= 0.3.7)
      require-hooks (>= 0.2.2)
      rubydex (>= 0.1.0.beta10)
      sorbet-static-and-runtime (>= 0.6.12698)
      spoom (>= 1.7.16)
      thor (>= 1.2.0)
      tsort
    thor (1.5.0)
    tsort (0.2.0)
    unicode-display_width (3.3.0)
      unicode-emoji (~> 4.3)
    unicode-emoji (4.3.0)

PLATFORMS
  aarch64-linux
  aarch64-linux-gnu
  aarch64-linux-musl
  arm64-darwin
  universal-darwin
  x86_64-darwin
  x86_64-linux
  x86_64-linux-gnu
  x86_64-linux-musl

DEPENDENCIES
  rake (~> 13.0)
  rspec (~> 3.13)
  rubocop
  rubocop-rspec
  sqlite3 (>= 1.7)
  tapioca-sequel!

CHECKSUMS
  ast (2.4.3) sha256=954615157c1d6a382bc27d690d973195e79db7f55e9765ac7c481c60bdb4d383
  benchmark (0.5.0) sha256=465df122341aedcb81a2a24b4d3bd19b6c67c1530713fd533f3ff034e419236c
  bigdecimal (4.1.3) sha256=61ebe1e5e559bdc3cc6f2c0ee7f427321fc838f59611c294356eb04d6e21cf66
  bundler (4.0.16) sha256=d6ca5dd440c24f9abce9844cf44cc8e18c6a553de65a47efb4544137af92c47d
  diff-lcs (1.6.2) sha256=9ae0d2cba7d4df3075fe8cd8602a8604993efc0dfa934cff568969efb1909962
  erubi (1.13.1) sha256=a082103b0885dbc5ecf1172fede897f9ebdb745a4b97a5e8dc63953db1ee4ad9
  json (3.0.2) sha256=8e6d7e7b11384c21230430cef90b71f14849a34a1f4452796670f7c981bd19df
  language_server-protocol (3.17.0.6) sha256=5ef2c0c138f8267e1bc631d3328347d354f96724b0af22f2c79516120443b7f0
  lint_roller (1.1.0) sha256=2c0c845b632a7d172cb849cc90c1bce937a28c5c8ccccb50dfd46a485003cc87
  logger (1.7.0) sha256=196edec7cc44b66cfb40f9755ce11b392f21f7967696af15d274dde7edff0203
  netrc (0.11.0) sha256=de1ce33da8c99ab1d97871726cba75151113f117146becbe45aa85cb3dabee3f
  parallel (2.2.0) sha256=e1059c5fd7b649558a0aec38a769f06a42942bdb40503d005a59c352fe011cd8
  parser (3.3.12.0) sha256=21a6d7f755d5a24dfbdc6e6b772e4e879a52e7631a88bc5a3a134606052c9828
  prism (1.9.0) sha256=7b530c6a9f92c24300014919c9dcbc055bf4cdf51ec30aed099b06cd6674ef85
  racc (1.8.1) sha256=4a7f6929691dbec8b5209a0b373bc2614882b55fc5d2e447a21aaa691303d62f
  rainbow (3.1.1) sha256=039491aa3a89f42efa1d6dec2fc4e62ede96eb6acd95e52f1ad581182b79bc6a
  rake (13.4.2) sha256=cb825b2bd5f1f8e91ca37bddb4b9aaf345551b4731da62949be002fa89283701
  rbi (0.4.3) sha256=cc090ae62c3246412b992954f54077d6046c9b04f1537a4d24bfae8714503eac
  rbs (4.2.0) sha256=51f7b886dcc05bc09e10b901daa6a81829f6adc03101d6ca9ea4aac6103e0674
  regexp_parser (2.13.1) sha256=5aedb6b7c35688f51e86eef17a15374dfd287c83f4ca644b2c5f3ec50a33b44b
  require-hooks (0.5.1) sha256=49a6b14518b91c5b8006d0644ef257af0ca033df23625bd4e314a8c5282191d9
  rexml (3.4.4) sha256=19e0a2c3425dfbf2d4fc1189747bdb2f849b6c5e74180401b15734bc97b5d142
  rspec (3.13.2) sha256=206284a08ad798e61f86d7ca3e376718d52c0bc944626b2349266f239f820587
  rspec-core (3.13.6) sha256=a8823c6411667b60a8bca135364351dda34cd55e44ff94c4be4633b37d828b2d
  rspec-expectations (3.13.5) sha256=33a4d3a1d95060aea4c94e9f237030a8f9eae5615e9bd85718fe3a09e4b58836
  rspec-mocks (3.13.8) sha256=086ad3d3d17533f4237643de0b5c42f04b66348c28bf6b9c2d3f4a3b01af1d47
  rspec-support (3.13.7) sha256=0640e5570872aafefd79867901deeeeb40b0c9875a36b983d85f54fb7381c47c
  rubocop (1.91.0) sha256=9c82b7bf391c5d7e3798c5b9996e22a1fe3bd7468e351dfdeb96140c058296d0
  rubocop-ast (1.50.0) sha256=b9ca88300da0803ee222ad20cdb30494c0a784eed06fdc35d254b06d662788db
  rubocop-rspec (3.10.2) sha256=0b3e2ecc592cd10ecbf0095bb58d1e357905276e069643523cc19eb7495f65e2
  ruby-progressbar (1.13.0) sha256=80fc9c47a9b640d6834e0dc7b3c94c9df37f08cb072b7761e4a71e22cff29b33
  rubydex (0.4.1-aarch64-linux) sha256=abc1c9eb22479f60dd015fa81373163c5a71f2700b76bced1282631686bd6271
  rubydex (0.4.1-arm64-darwin) sha256=d23720253876d88fb98954e5d3a1ef9696a269697acf50e3ab53cdfbb2b66b96
  rubydex (0.4.1-x86_64-darwin) sha256=a9681db5bc9be6a62f226d96d6889b6b600d0b09e7576391702aafd29912145b
  rubydex (0.4.1-x86_64-linux) sha256=4e2c8398c9fc585485b54edd28f5ecf76b5a02255e177b6f8402e9d2afffd51b
  sequel (5.108.0) sha256=ae5996d1196775427916a2fa36e02f99762ead9affb8ea9b1aec2c0b16bdb3a3
  sorbet (0.6.13509) sha256=a147d20eebefc5adaf3c9f9c8dd9b67dad6891085c9c070c7df4f51e9947d4d2
  sorbet-runtime (0.6.13509) sha256=87f3668ddb19c47fbd3004414c639fe557974147b7bc79c850004face0151777
  sorbet-static (0.6.13509-aarch64-linux) sha256=13bc81223318906680ba5122dc59f38338b6d686159809abb54406e8d886cbd4
  sorbet-static (0.6.13509-universal-darwin) sha256=aaa7b48b36cae97fd17c0a0f5f3531503ee9d6d9970cc2ee0b139ee0ab1b2709
  sorbet-static (0.6.13509-x86_64-linux) sha256=06314bdcc461aae21efb3aafaddf570531e6ba63126c2969aa1129c4d468e810
  sorbet-static-and-runtime (0.6.13509) sha256=3b8bffa979bf3e1bc645d727233e2b339e0d663d9e7937874a30eb82de91d45d
  spoom (1.8.9) sha256=4f81c6b6c94665de0f548323197667e92fc6bcd888299030019354db79f61a78
  sqlite3 (2.9.6-aarch64-linux-gnu) sha256=d8b1f7d23efd7abac285775a9566562fc7debfef79d594e3a20354406fb7907c
  sqlite3 (2.9.6-aarch64-linux-musl) sha256=3579e1c98cdc7ff5c3722847bb63ed4e1efb7ff675cb5e1e48ef2d4da5fb3bc9
  sqlite3 (2.9.6-arm64-darwin) sha256=849b5d7f795e60fe25076d62c72dd722beb45b3850b516ad978d60ee848ec15b
  sqlite3 (2.9.6-x86_64-darwin) sha256=b5842fea77781c14da03fa7bc0feb82db03a69e135affcb6f5399cbd2797a5f3
  sqlite3 (2.9.6-x86_64-linux-gnu) sha256=613188ce02f614126ddbc38c5e217ccffd6306d0dcd9adca9764547aa890a634
  sqlite3 (2.9.6-x86_64-linux-musl) sha256=d493b11818a3573387a1d56e1ee8fa00da23a683a7a1cc063e7a0feeed843abf
  tapioca (0.19.2)
  tapioca-sequel (0.1.0)
  thor (1.5.0) sha256=e3a9e55fe857e44859ce104a84675ab6e8cd59c650a49106a05f55f136425e73
  tsort (0.2.0) sha256=9650a793f6859a43b6641671278f79cfead60ac714148aabe4e3f0060480089f
  unicode-display_width (3.3.0) sha256=4b7aa66a4b11db50f6f7e98411215cd0dd10eaecb665d36eec5bcacb3fa0b613
  unicode-emoji (4.3.0) sha256=11c02fa73290378c066bb0562cd4c87d8e1b706fbbe0059ca12746a4244de8ce

BUNDLED WITH
  4.0.16
